
Microsoft Visual Studio Solution File, Format Version 12.00
# Visual Studio Version 16
VisualStudioVersion = 16.0.29911.84
MinimumVisualStudioVersion = 10.0.40219.1
Project("{FAE04EC0-301F-11D3-BF4B-00C04F79EFBC}") = "CNPM_Project", "CNPM_Project.csproj", "{D85E17EA-70EE-47D5-A0FC-9DA75E12302F}"
EndProject
Global
	GlobalSection(SolutionConfigurationPlatforms) = preSolution
		Debug|Any CPU = Debug|Any CPU
		Debug|x64 = Debug|x64
		Release|Any CPU = Release|Any CPU
		Release|x64 = Release|x64
	EndGlobalSection
	GlobalSection(ProjectConfigurationPlatforms) = postSolution
		{D85E17EA-70EE-47D5-A0FC-9DA75E12302F}.Debug|Any CPU.ActiveCfg = Debug|Any CPU
		{D85E17EA-70EE-47D5-A0FC-9DA75E12302F}.Debug|Any CPU.Build.0 = Debug|Any CPU
		{D85E17EA-70EE-47D5-A0FC-9DA75E12302F}.Debug|x64.ActiveCfg = Debug|x64
		{D85E17EA-70EE-47D5-A0FC-9DA75E12302F}.Debug|x64.Build.0 = Debug|x64
		{D85E17EA-70EE-47D5-A0FC-9DA75E12302F}.Release|Any CPU.ActiveCfg = Release|Any CPU
		{D85E17EA-70EE-47D5-A0FC-9DA75E12302F}.Release|Any CPU.Build.0 = Release|Any CPU
		{D85E17EA-70EE-47D5-A0FC-9DA75E12302F}.Release|x64.ActiveCfg = Release|x64
		{D85E17EA-70EE-47D5-A0FC-9DA75E12302F}.Release|x64.Build.0 = Release|x64
	EndGlobalSection
	GlobalSection(SolutionProperties) = preSolution
		HideSolutionNode = FALSE
	EndGlobalSection
	GlobalSection(ExtensibilityGlobals) = postSolution
		SolutionGuid = {22A491D9-9241-4382-B3C8-BC6DE939C3FF}
	EndGlobalSection
EndGlobal
